// !$*UTF8*$!
{
	archiveVersion = 1;
	classes = {
	};
	objectVersion = 56;
	objects = {

/* Begin PBXBuildFile section */
		C916748A29141BE4005FF1B3 /* Coordinator.swift in Sources */ = {isa = PBXBuildFile; fileRef = C916748929141BE4005FF1B3 /* Coordinator.swift */; };
		C916748C29141C11005FF1B3 /* MainCoordinator.swift in Sources */ = {isa = PBXBuildFile; fileRef = C916748B29141C11005FF1B3 /* MainCoordinator.swift */; };
		C916748E29141C86005FF1B3 /* BaseViewController.swift in Sources */ = {isa = PBXBuildFile; fileRef = C916748D29141C86005FF1B3 /* BaseViewController.swift */; };
		C916749029141D12005FF1B3 /* TableViewModel.swift in Sources */ = {isa = PBXBuildFile; fileRef = C916748F29141D12005FF1B3 /* TableViewModel.swift */; };
		C916749229141D3E005FF1B3 /* TableViewController.swift in Sources */ = {isa = PBXBuildFile; fileRef = C916749129141D3E005FF1B3 /* TableViewController.swift */; };
		C916749429141E5B005FF1B3 /* TableSection.swift in Sources */ = {isa = PBXBuildFile; fileRef = C916749329141E5B005FF1B3 /* TableSection.swift */; };
		C916749629141E84005FF1B3 /* TableRow.swift in Sources */ = {isa = PBXBuildFile; fileRef = C916749529141E84005FF1B3 /* TableRow.swift */; };
		C91674982914217F005FF1B3 /* BaseViewModel.swift in Sources */ = {isa = PBXBuildFile; fileRef = C91674972914217F005FF1B3 /* BaseViewModel.swift */; };
		C916749A29142608005FF1B3 /* HouseViewModel.swift in Sources */ = {isa = PBXBuildFile; fileRef = C916749929142608005FF1B3 /* HouseViewModel.swift */; };
		C91674A029142F45005FF1B3 /* House.swift in Sources */ = {isa = PBXBuildFile; fileRef = C916749F29142F45005FF1B3 /* House.swift */; };
		C91674A329142F88005FF1B3 /* NetworkService.swift in Sources */ = {isa = PBXBuildFile; fileRef = C91674A229142F88005FF1B3 /* NetworkService.swift */; };
		C91674A629142FBA005FF1B3 /* HouseService.swift in Sources */ = {isa = PBXBuildFile; fileRef = C91674A529142FBA005FF1B3 /* HouseService.swift */; };
		C91674A82914300A005FF1B3 /* NetworkError.swift in Sources */ = {isa = PBXBuildFile; fileRef = C91674A72914300A005FF1B3 /* NetworkError.swift */; };
		C91674AA291431D3005FF1B3 /* RequestHandler.swift in Sources */ = {isa = PBXBuildFile; fileRef = C91674A9291431D3005FF1B3 /* RequestHandler.swift */; };
		C91674AC29143370005FF1B3 /* ResponseHandler.swift in Sources */ = {isa = PBXBuildFile; fileRef = C91674AB29143370005FF1B3 /* ResponseHandler.swift */; };
		C9ADE33D291451A0002284BA /* HouseDetailsViewModel.swift in Sources */ = {isa = PBXBuildFile; fileRef = C9ADE33C291451A0002284BA /* HouseDetailsViewModel.swift */; };
		C9ADE33F291451C0002284BA /* HouseDetailsViewController.swift in Sources */ = {isa = PBXBuildFile; fileRef = C9ADE33E291451C0002284BA /* HouseDetailsViewController.swift */; };
		C9ADE34229145439002284BA /* HouseTableViewCell.swift in Sources */ = {isa = PBXBuildFile; fileRef = C9ADE34029145439002284BA /* HouseTableViewCell.swift */; };
		C9ADE34329145439002284BA /* HouseTableViewCell.xib in Resources */ = {isa = PBXBuildFile; fileRef = C9ADE34129145439002284BA /* HouseTableViewCell.xib */; };
		C9ADE34529146C8A002284BA /* HouseFieldModel.swift in Sources */ = {isa = PBXBuildFile; fileRef = C9ADE34429146C8A002284BA /* HouseFieldModel.swift */; };
		C9ADE34729146D12002284BA /* HouseField.swift in Sources */ = {isa = PBXBuildFile; fileRef = C9ADE34629146D12002284BA /* HouseField.swift */; };
		C9BB509529140E1C00EE852A /* AppDelegate.swift in Sources */ = {isa = PBXBuildFile; fileRef = C9BB509429140E1C00EE852A /* AppDelegate.swift */; };
		C9BB509729140E1C00EE852A /* SceneDelegate.swift in Sources */ = {isa = PBXBuildFile; fileRef = C9BB509629140E1C00EE852A /* SceneDelegate.swift */; };
		C9BB509929140E1C00EE852A /* HouseViewController.swift in Sources */ = {isa = PBXBuildFile; fileRef = C9BB509829140E1C00EE852A /* HouseViewController.swift */; };
		C9BB509E29140E1F00EE852A /* Assets.xcassets in Resources */ = {isa = PBXBuildFile; fileRef = C9BB509D29140E1F00EE852A /* Assets.xcassets */; };
		C9BB50A129140E1F00EE852A /* LaunchScreen.storyboard in Resources */ = {isa = PBXBuildFile; fileRef = C9BB509F29140E1F00EE852A /* LaunchScreen.storyboard */; };
		C9BB50AC29140E1F00EE852A /* MagnarTests.swift in Sources */ = {isa = PBXBuildFile; fileRef = C9BB50AB29140E1F00EE852A /* MagnarTests.swift */; };
		C9BB50B629140E1F00EE852A /* MagnarUITests.swift in Sources */ = {isa = PBXBuildFile; fileRef = C9BB50B529140E1F00EE852A /* MagnarUITests.swift */; };
		C9BB50B829140E1F00EE852A /* MagnarUITestsLaunchTests.swift in Sources */ = {isa = PBXBuildFile; fileRef = C9BB50B729140E1F00EE852A /* MagnarUITestsLaunchTests.swift */; };
		C9BB50C52914109300EE852A /* Readme.md in Resources */ = {isa = PBXBuildFile; fileRef = C9BB50C42914109300EE852A /* Readme.md */; };
/* End PBXBuildFile section */

/* Begin PBXContainerItemProxy section */
		C9BB50A829140E1F00EE852A /* PBXContainerItemProxy */ = {
			isa = PBXContainerItemProxy;
			containerPortal = C9BB508929140E1C00EE852A /* Project object */;
			proxyType = 1;
			remoteGlobalIDString = C9BB509029140E1C00EE852A;
			remoteInfo = Magnar;
		};
		C9BB50B229140E1F00EE852A /* PBXContainerItemProxy */ = {
			isa = PBXContainerItemProxy;
			containerPortal = C9BB508929140E1C00EE852A /* Project object */;
			proxyType = 1;
			remoteGlobalIDString = C9BB509029140E1C00EE852A;
			remoteInfo = Magnar;
		};
/* End PBXContainerItemProxy section */

/* Begin PBXFileReference section */
		C916748929141BE4005FF1B3 /* Coordinator.swift */ = {isa = PBXFileReference; lastKnownFileType = sourcecode.swift; path = Coordinator.swift; sourceTree = "<group>"; };
		C916748B29141C11005FF1B3 /* MainCoordinator.swift */ = {isa = PBXFileReference; lastKnownFileType = sourcecode.swift; path = MainCoordinator.swift; sourceTree = "<group>"; };
		C916748D29141C86005FF1B3 /* BaseViewController.swift */ = {isa = PBXFileReference; lastKnownFileType = sourcecode.swift; path = BaseViewController.swift; sourceTree = "<group>"; };
		C916748F29141D12005FF1B3 /* TableViewModel.swift */ = {isa = PBXFileReference; lastKnownFileType = sourcecode.swift; path = TableViewModel.swift; sourceTree = "<group>"; };
		C916749129141D3E005FF1B3 /* TableViewController.swift */ = {isa = PBXFileReference; lastKnownFileType = sourcecode.swift; path = TableViewController.swift; sourceTree = "<group>"; };
		C916749329141E5B005FF1B3 /* TableSection.swift */ = {isa = PBXFileReference; lastKnownFileType = sourcecode.swift; path = TableSection.swift; sourceTree = "<group>"; };
		C916749529141E84005FF1B3 /* TableRow.swift */ = {isa = PBXFileReference; lastKnownFileType = sourcecode.swift; path = TableRow.swift; sourceTree = "<group>"; };
		C91674972914217F005FF1B3 /* BaseViewModel.swift */ = {isa = PBXFileReference; lastKnownFileType = sourcecode.swift; path = BaseViewModel.swift; sourceTree = "<group>"; };
		C916749929142608005FF1B3 /* HouseViewModel.swift */ = {isa = PBXFileReference; lastKnownFileType = sourcecode.swift; path = HouseViewModel.swift; sourceTree = "<group>"; };
		C916749F29142F45005FF1B3 /* House.swift */ = {isa = PBXFileReference; lastKnownFileType = sourcecode.swift; path = House.swift; sourceTree = "<group>"; };
		C91674A229142F88005FF1B3 /* NetworkService.swift */ = {isa = PBXFileReference; lastKnownFileType = sourcecode.swift; path = NetworkService.swift; sourceTree = "<group>"; };
		C91674A529142FBA005FF1B3 /* HouseService.swift */ = {isa = PBXFileReference; lastKnownFileType = sourcecode.swift; path = HouseService.swift; sourceTree = "<group>"; };
		C91674A72914300A005FF1B3 /* NetworkError.swift */ = {isa = PBXFileReference; lastKnownFileType = sourcecode.swift; path = NetworkError.swift; sourceTree = "<group>"; };
		C91674A9291431D3005FF1B3 /* RequestHandler.swift */ = {isa = PBXFileReference; lastKnownFileType = sourcecode.swift; path = RequestHandler.swift; sourceTree = "<group>"; };
		C91674AB29143370005FF1B3 /* ResponseHandler.swift */ = {isa = PBXFileReference; lastKnownFileType = sourcecode.swift; path = ResponseHandler.swift; sourceTree = "<group>"; };
		C9ADE33C291451A0002284BA /* HouseDetailsViewModel.swift */ = {isa = PBXFileReference; lastKnownFileType = sourcecode.swift; path = HouseDetailsViewModel.swift; sourceTree = "<group>"; };
		C9ADE33E291451C0002284BA /* HouseDetailsViewController.swift */ = {isa = PBXFileReference; lastKnownFileType = sourcecode.swift; path = HouseDetailsViewController.swift; sourceTree = "<group>"; };
		C9ADE34029145439002284BA /* HouseTableViewCell.swift */ = {isa = PBXFileReference; lastKnownFileType = sourcecode.swift; path = HouseTableViewCell.swift; sourceTree = "<group>"; };
		C9ADE34129145439002284BA /* HouseTableViewCell.xib */ = {isa = PBXFileReference; lastKnownFileType = file.xib; path = HouseTableViewCell.xib; sourceTree = "<group>"; };
		C9ADE34429146C8A002284BA /* HouseFieldModel.swift */ = {isa = PBXFileReference; lastKnownFileType = sourcecode.swift; path = HouseFieldModel.swift; sourceTree = "<group>"; };
		C9ADE34629146D12002284BA /* HouseField.swift */ = {isa = PBXFileReference; lastKnownFileType = sourcecode.swift; path = HouseField.swift; sourceTree = "<group>"; };
		C9BB509129140E1C00EE852A /* Magnar.app */ = {isa = PBXFileReference; explicitFileType = wrapper.application; includeInIndex = 0; path = Magnar.app; sourceTree = BUILT_PRODUCTS_DIR; };
		C9BB509429140E1C00EE852A /* AppDelegate.swift */ = {isa = PBXFileReference; lastKnownFileType = sourcecode.swift; path = AppDelegate.swift; sourceTree = "<group>"; };
		C9BB509629140E1C00EE852A /* SceneDelegate.swift */ = {isa = PBXFileReference; lastKnownFileType = sourcecode.swift; path = SceneDelegate.swift; sourceTree = "<group>"; };
		C9BB509829140E1C00EE852A /* HouseViewController.swift */ = {isa = PBXFileReference; lastKnownFileType = sourcecode.swift; path = HouseViewController.swift; sourceTree = "<group>"; };
		C9BB509D29140E1F00EE852A /* Assets.xcassets */ = {isa = PBXFileReference; lastKnownFileType = folder.assetcatalog; path = Assets.xcassets; sourceTree = "<group>"; };
		C9BB50A029140E1F00EE852A /* Base */ = {isa = PBXFileReference; lastKnownFileType = file.storyboard; name = Base; path = Base.lproj/LaunchScreen.storyboard; sourceTree = "<group>"; };
		C9BB50A229140E1F00EE852A /* Info.plist */ = {isa = PBXFileReference; lastKnownFileType = text.plist.xml; path = Info.plist; sourceTree = "<group>"; };
		C9BB50A729140E1F00EE852A /* MagnarTests.xctest */ = {isa = PBXFileReference; explicitFileType = wrapper.cfbundle; includeInIndex = 0; path = MagnarTests.xctest; sourceTree = BUILT_PRODUCTS_DIR; };
		C9BB50AB29140E1F00EE852A /* MagnarTests.swift */ = {isa = PBXFileReference; lastKnownFileType = sourcecode.swift; path = MagnarTests.swift; sourceTree = "<group>"; };
		C9BB50B129140E1F00EE852A /* MagnarUITests.xctest */ = {isa = PBXFileReference; explicitFileType = wrapper.cfbundle; includeInIndex = 0; path = MagnarUITests.xctest; sourceTree = BUILT_PRODUCTS_DIR; };
		C9BB50B529140E1F00EE852A /* MagnarUITests.swift */ = {isa = PBXFileReference; lastKnownFileType = sourcecode.swift; path = MagnarUITests.swift; sourceTree = "<group>"; };
		C9BB50B729140E1F00EE852A /* MagnarUITestsLaunchTests.swift */ = {isa = PBXFileReference; lastKnownFileType = sourcecode.swift; path = MagnarUITestsLaunchTests.swift; sourceTree = "<group>"; };
		C9BB50C42914109300EE852A /* Readme.md */ = {isa = PBXFileReference; lastKnownFileType = net.daringfireball.markdown; path = Readme.md; sourceTree = "<group>"; };
/* End PBXFileReference section */

/* Begin PBXFrameworksBuildPhase section */
		C9BB508E29140E1C00EE852A /* Frameworks */ = {
			isa = PBXFrameworksBuildPhase;
			buildActionMask = 2147483647;
			files = (
			);
			runOnlyForDeploymentPostprocessing = 0;
		};
		C9BB50A429140E1F00EE852A /* Frameworks */ = {
			isa = PBXFrameworksBuildPhase;
			buildActionMask = 2147483647;
			files = (
			);
			runOnlyForDeploymentPostprocessing = 0;
		};
		C9BB50AE29140E1F00EE852A /* Frameworks */ = {
			isa = PBXFrameworksBuildPhase;
			buildActionMask = 2147483647;
			files = (
			);
			runOnlyForDeploymentPostprocessing = 0;
		};
/* End PBXFrameworksBuildPhase section */

/* Begin PBXGroup section */
		C916749B291427FA005FF1B3 /* House */ = {
			isa = PBXGroup;
			children = (
				C9ADE33B2914518F002284BA /* HouseDetails */,
				C9BB509829140E1C00EE852A /* HouseViewController.swift */,
				C916749929142608005FF1B3 /* HouseViewModel.swift */,
			);
			path = House;
			sourceTree = "<group>";
		};
		C916749C29142804005FF1B3 /* Base */ = {
			isa = PBXGroup;
			children = (
				C916748D29141C86005FF1B3 /* BaseViewController.swift */,
				C91674972914217F005FF1B3 /* BaseViewModel.swift */,
			);
			path = Base;
			sourceTree = "<group>";
		};
		C916749D29142819005FF1B3 /* TableBacked */ = {
			isa = PBXGroup;
			children = (
				C916748F29141D12005FF1B3 /* TableViewModel.swift */,
				C916749329141E5B005FF1B3 /* TableSection.swift */,
				C916749529141E84005FF1B3 /* TableRow.swift */,
				C916749129141D3E005FF1B3 /* TableViewController.swift */,
			);
			path = TableBacked;
			sourceTree = "<group>";
		};
		C916749E29142906005FF1B3 /* Main */ = {
			isa = PBXGroup;
			children = (
				C916749C29142804005FF1B3 /* Base */,
				C916749B291427FA005FF1B3 /* House */,
				C916749D29142819005FF1B3 /* TableBacked */,
				C916748B29141C11005FF1B3 /* MainCoordinator.swift */,
			);
			path = Main;
			sourceTree = "<group>";
		};
		C91674A129142F7B005FF1B3 /* Services */ = {
			isa = PBXGroup;
			children = (
				C91674A429142FAA005FF1B3 /* HouseService */,
				C91674A229142F88005FF1B3 /* NetworkService.swift */,
				C91674A9291431D3005FF1B3 /* RequestHandler.swift */,
				C91674AB29143370005FF1B3 /* ResponseHandler.swift */,
			);
			path = Services;
			sourceTree = "<group>";
		};
		C91674A429142FAA005FF1B3 /* HouseService */ = {
			isa = PBXGroup;
			children = (
				C91674A529142FBA005FF1B3 /* HouseService.swift */,
			);
			path = HouseService;
			sourceTree = "<group>";
		};
		C91674AD291441AC005FF1B3 /* Models */ = {
			isa = PBXGroup;
			children = (
				C916749F29142F45005FF1B3 /* House.swift */,
			);
			path = Models;
			sourceTree = "<group>";
		};
		C9ADE33B2914518F002284BA /* HouseDetails */ = {
			isa = PBXGroup;
			children = (
				C9ADE33C291451A0002284BA /* HouseDetailsViewModel.swift */,
				C9ADE33E291451C0002284BA /* HouseDetailsViewController.swift */,
			);
			path = HouseDetails;
			sourceTree = "<group>";
		};
		C9ADE3482914DD1D002284BA /* HouseCell */ = {
			isa = PBXGroup;
			children = (
				C9ADE34029145439002284BA /* HouseTableViewCell.swift */,
				C9ADE34629146D12002284BA /* HouseField.swift */,
				C9ADE34129145439002284BA /* HouseTableViewCell.xib */,
				C9ADE34429146C8A002284BA /* HouseFieldModel.swift */,
			);
			path = HouseCell;
			sourceTree = "<group>";
		};
		C9ADE3492914DD32002284BA /* UI */ = {
			isa = PBXGroup;
			children = (
				C9ADE3482914DD1D002284BA /* HouseCell */,
			);
			path = UI;
			sourceTree = "<group>";
		};
		C9BB508829140E1C00EE852A = {
			isa = PBXGroup;
			children = (
				C9BB50C42914109300EE852A /* Readme.md */,
				C9BB509329140E1C00EE852A /* Magnar */,
				C9BB50AA29140E1F00EE852A /* MagnarTests */,
				C9BB50B429140E1F00EE852A /* MagnarUITests */,
				C9BB509229140E1C00EE852A /* Products */,
			);
			sourceTree = "<group>";
		};
		C9BB509229140E1C00EE852A /* Products */ = {
			isa = PBXGroup;
			children = (
				C9BB509129140E1C00EE852A /* Magnar.app */,
				C9BB50A729140E1F00EE852A /* MagnarTests.xctest */,
				C9BB50B129140E1F00EE852A /* MagnarUITests.xctest */,
			);
			name = Products;
			sourceTree = "<group>";
		};
		C9BB509329140E1C00EE852A /* Magnar */ = {
			isa = PBXGroup;
			children = (
				C9BB509429140E1C00EE852A /* AppDelegate.swift */,
				C9BB509629140E1C00EE852A /* SceneDelegate.swift */,
				C916748929141BE4005FF1B3 /* Coordinator.swift */,
				C91674A72914300A005FF1B3 /* NetworkError.swift */,
				C9ADE3492914DD32002284BA /* UI */,
				C91674A129142F7B005FF1B3 /* Services */,
				C91674AD291441AC005FF1B3 /* Models */,
				C916749E29142906005FF1B3 /* Main */,
				C9BB509D29140E1F00EE852A /* Assets.xcassets */,
				C9BB509F29140E1F00EE852A /* LaunchScreen.storyboard */,
				C9BB50A229140E1F00EE852A /* Info.plist */,
			);
			path = Magnar;
			sourceTree = "<group>";
		};
		C9BB50AA29140E1F00EE852A /* MagnarTests */ = {
			isa = PBXGroup;
			children = (
				C9BB50AB29140E1F00EE852A /* MagnarTests.swift */,
			);
			path = MagnarTests;
			sourceTree = "<group>";
		};
		C9BB50B429140E1F00EE852A /* MagnarUITests */ = {
			isa = PBXGroup;
			children = (
				C9BB50B529140E1F00EE852A /* MagnarUITests.swift */,
				C9BB50B729140E1F00EE852A /* MagnarUITestsLaunchTests.swift */,
			);
			path = MagnarUITests;
			sourceTree = "<group>";
		};
/* End PBXGroup section */

/* Begin PBXNativeTarget section */
		C9BB509029140E1C00EE852A /* Magnar */ = {
			isa = PBXNativeTarget;
			buildConfigurationList = C9BB50BB29140E1F00EE852A /* Build configuration list for PBXNativeTarget "Magnar" */;
			buildPhases = (
				C9BB508D29140E1C00EE852A /* Sources */,
				C9BB508E29140E1C00EE852A /* Frameworks */,
				C9BB508F29140E1C00EE852A /* Resources */,
			);
			buildRules = (
			);
			dependencies = (
			);
			name = Magnar;
			productName = Magnar;
			productReference = C9BB509129140E1C00EE852A /* Magnar.app */;
			productType = "com.apple.product-type.application";
		};
		C9BB50A629140E1F00EE852A /* MagnarTests */ = {
			isa = PBXNativeTarget;
			buildConfigurationList = C9BB50BE29140E1F00EE852A /* Build configuration list for PBXNativeTarget "MagnarTests" */;
			buildPhases = (
				C9BB50A329140E1F00EE852A /* Sources */,
				C9BB50A429140E1F00EE852A /* Frameworks */,
				C9BB50A529140E1F00EE852A /* Resources */,
			);
			buildRules = (
			);
			dependencies = (
				C9BB50A929140E1F00EE852A /* PBXTargetDependency */,
			);
			name = MagnarTests;
			productName = MagnarTests;
			productReference = C9BB50A729140E1F00EE852A /* MagnarTests.xctest */;
			productType = "com.apple.product-type.bundle.unit-test";
		};
		C9BB50B029140E1F00EE852A /* MagnarUITests */ = {
			isa = PBXNativeTarget;
			buildConfigurationList = C9BB50C129140E1F00EE852A /* Build configuration list for PBXNativeTarget "MagnarUITests" */;
			buildPhases = (
				C9BB50AD29140E1F00EE852A /* Sources */,
				C9BB50AE29140E1F00EE852A /* Frameworks */,
				C9BB50AF29140E1F00EE852A /* Resources */,
			);
			buildRules = (
			);
			dependencies = (
				C9BB50B329140E1F00EE852A /* PBXTargetDependency */,
			);
			name = MagnarUITests;
			productName = MagnarUITests;
			productReference = C9BB50B129140E1F00EE852A /* MagnarUITests.xctest */;
			productType = "com.apple.product-type.bundle.ui-testing";
		};
/* End PBXNativeTarget section */

/* Begin PBXProject section */
		C9BB508929140E1C00EE852A /* Project object */ = {
			isa = PBXProject;
			attributes = {
				BuildIndependentTargetsInParallel = 1;
				LastSwiftUpdateCheck = 1400;
				LastUpgradeCheck = 1400;
				TargetAttributes = {
					C9BB509029140E1C00EE852A = {
						CreatedOnToolsVersion = 14.0.1;
					};
					C9BB50A629140E1F00EE852A = {
						CreatedOnToolsVersion = 14.0.1;
						TestTargetID = C9BB509029140E1C00EE852A;
					};
					C9BB50B029140E1F00EE852A = {
						CreatedOnToolsVersion = 14.0.1;
						TestTargetID = C9BB509029140E1C00EE852A;
					};
				};
			};
			buildConfigurationList = C9BB508C29140E1C00EE852A /* Build configuration list for PBXProject "Magnar" */;
			compatibilityVersion = "Xcode 14.0";
			developmentRegion = en;
			hasScannedForEncodings = 0;
			knownRegions = (
				en,
				Base,
			);
			mainGroup = C9BB508829140E1C00EE852A;
			productRefGroup = C9BB509229140E1C00EE852A /* Products */;
			projectDirPath = "";
			projectRoot = "";
			targets = (
				C9BB509029140E1C00EE852A /* Magnar */,
				C9BB50A629140E1F00EE852A /* MagnarTests */,
				C9BB50B029140E1F00EE852A /* MagnarUITests */,
			);
		};
/* End PBXProject section */

/* Begin PBXResourcesBuildPhase section */
		C9BB508F29140E1C00EE852A /* Resources */ = {
			isa = PBXResourcesBuildPhase;
			buildActionMask = 2147483647;
			files = (
				C9BB50A129140E1F00EE852A /* LaunchScreen.storyboard in Resources */,
				C9BB509E29140E1F00EE852A /* Assets.xcassets in Resources */,
				C9ADE34329145439002284BA /* HouseTableViewCell.xib in Resources */,
				C9BB50C52914109300EE852A /* Readme.md in Resources */,
			);
			runOnlyForDeploymentPostprocessing = 0;
		};
		C9BB50A529140E1F00EE852A /* Resources */ = {
			isa = PBXResourcesBuildPhase;
			buildActionMask = 2147483647;
			files = (
			);
			runOnlyForDeploymentPostprocessing = 0;
		};
		C9BB50AF29140E1F00EE852A /* Resources */ = {
			isa = PBXResourcesBuildPhase;
			buildActionMask = 2147483647;
			files = (
			);
			runOnlyForDeploymentPostprocessing = 0;
		};
/* End PBXResourcesBuildPhase section */

/* Begin PBXSourcesBuildPhase section */
		C9BB508D29140E1C00EE852A /* Sources */ = {
			isa = PBXSourcesBuildPhase;
			buildActionMask = 2147483647;
			files = (
				C91674A629142FBA005FF1B3 /* HouseService.swift in Sources */,
				C91674A82914300A005FF1B3 /* NetworkError.swift in Sources */,
				C916748A29141BE4005FF1B3 /* Coordinator.swift in Sources */,
				C91674982914217F005FF1B3 /* BaseViewModel.swift in Sources */,
				C916749029141D12005FF1B3 /* TableViewModel.swift in Sources */,
				C916749A29142608005FF1B3 /* HouseViewModel.swift in Sources */,
				C916749429141E5B005FF1B3 /* TableSection.swift in Sources */,
				C9BB509929140E1C00EE852A /* HouseViewController.swift in Sources */,
				C9ADE33F291451C0002284BA /* HouseDetailsViewController.swift in Sources */,
				C9ADE33D291451A0002284BA /* HouseDetailsViewModel.swift in Sources */,
				C91674A329142F88005FF1B3 /* NetworkService.swift in Sources */,
				C916749229141D3E005FF1B3 /* TableViewController.swift in Sources */,
				C9BB509529140E1C00EE852A /* AppDelegate.swift in Sources */,
				C91674AC29143370005FF1B3 /* ResponseHandler.swift in Sources */,
				C916748C29141C11005FF1B3 /* MainCoordinator.swift in Sources */,
				C916749629141E84005FF1B3 /* TableRow.swift in Sources */,
				C9BB509729140E1C00EE852A /* SceneDelegate.swift in Sources */,
				C916748E29141C86005FF1B3 /* BaseViewController.swift in Sources */,
				C91674A029142F45005FF1B3 /* House.swift in Sources */,
				C9ADE34229145439002284BA /* HouseTableViewCell.swift in Sources */,
				C91674AA291431D3005FF1B3 /* RequestHandler.swift in Sources */,
				C9ADE34529146C8A002284BA /* HouseFieldModel.swift in Sources */,
				C9ADE34729146D12002284BA /* HouseField.swift in Sources */,
			);
			runOnlyForDeploymentPostprocessing = 0;
		};
		C9BB50A329140E1F00EE852A /* Sources */ = {
			isa = PBXSourcesBuildPhase;
			buildActionMask = 2147483647;
			files = (
				C9BB50AC29140E1F00EE852A /* MagnarTests.swift in Sources */,
			);
			runOnlyForDeploymentPostprocessing = 0;
		};
		C9BB50AD29140E1F00EE852A /* Sources */ = {
			isa = PBXSourcesBuildPhase;
			buildActionMask = 2147483647;
			files = (
				C9BB50B829140E1F00EE852A /* MagnarUITestsLaunchTests.swift in Sources */,
				C9BB50B629140E1F00EE852A /* MagnarUITests.swift in Sources */,
			);
			runOnlyForDeploymentPostprocessing = 0;
		};
/* End PBXSourcesBuildPhase section */

/* Begin PBXTargetDependency section */
		C9BB50A929140E1F00EE852A /* PBXTargetDependency */ = {
			isa = PBXTargetDependency;
			target = C9BB509029140E1C00EE852A /* Magnar */;
			targetProxy = C9BB50A829140E1F00EE852A /* PBXContainerItemProxy */;
		};
		C9BB50B329140E1F00EE852A /* PBXTargetDependency */ = {
			isa = PBXTargetDependency;
			target = C9BB509029140E1C00EE852A /* Magnar */;
			targetProxy = C9BB50B229140E1F00EE852A /* PBXContainerItemProxy */;
		};
/* End PBXTargetDependency section */

/* Begin PBXVariantGroup section */
		C9BB509F29140E1F00EE852A /* LaunchScreen.storyboard */ = {
			isa = PBXVariantGroup;
			children = (
				C9BB50A029140E1F00EE852A /* Base */,
			);
			name = LaunchScreen.storyboard;
			sourceTree = "<group>";
		};
/* End PBXVariantGroup section */

/* Begin XCBuildConfiguration section */
		C9BB50B929140E1F00EE852A /* Debug */ = {
			isa = XCBuildConfiguration;
			buildSettings = {
				ALWAYS_SEARCH_USER_PATHS = NO;
				CLANG_ANALYZER_NONNULL = YES;
				CLANG_ANALYZER_NUMBER_OBJECT_CONVERSION = YES_AGGRESSIVE;
				CLANG_CXX_LANGUAGE_STANDARD = "gnu++20";
				CLANG_ENABLE_MODULES = YES;
				CLANG_ENABLE_OBJC_ARC = YES;
				CLANG_ENABLE_OBJC_WEAK = YES;
				CLANG_WARN_BLOCK_CAPTURE_AUTORELEASING = YES;
				CLANG_WARN_BOOL_CONVERSION = YES;
				CLANG_WARN_COMMA = YES;
				CLANG_WARN_CONSTANT_CONVERSION = YES;
				CLANG_WARN_DEPRECATED_OBJC_IMPLEMENTATIONS = YES;
				CLANG_WARN_DIRECT_OBJC_ISA_USAGE = YES_ERROR;
				CLANG_WARN_DOCUMENTATION_COMMENTS = YES;
				CLANG_WARN_EMPTY_BODY = YES;
				CLANG_WARN_ENUM_CONVERSION = YES;
				CLANG_WARN_INFINITE_RECURSION = YES;
				CLANG_WARN_INT_CONVERSION = YES;
				CLANG_WARN_NON_LITERAL_NULL_CONVERSION = YES;
				CLANG_WARN_OBJC_IMPLICIT_RETAIN_SELF = YES;
				CLANG_WARN_OBJC_LITERAL_CONVERSION = YES;
				CLANG_WARN_OBJC_ROOT_CLASS = YES_ERROR;
				CLANG_WARN_QUOTED_INCLUDE_IN_FRAMEWORK_HEADER = YES;
				CLANG_WARN_RANGE_LOOP_ANALYSIS = YES;
				CLANG_WARN_STRICT_PROTOTYPES = YES;
				CLANG_WARN_SUSPICIOUS_MOVE = YES;
				CLANG_WARN_UNGUARDED_AVAILABILITY = YES_AGGRESSIVE;
				CLANG_WARN_UNREACHABLE_CODE = YES;
				CLANG_WARN__DUPLICATE_METHOD_MATCH = YES;
				COPY_PHASE_STRIP = NO;
				DEBUG_INFORMATION_FORMAT = dwarf;
				ENABLE_STRICT_OBJC_MSGSEND = YES;
				ENABLE_TESTABILITY = YES;
				GCC_C_LANGUAGE_STANDARD = gnu11;
				GCC_DYNAMIC_NO_PIC = NO;
				GCC_NO_COMMON_BLOCKS = YES;
				GCC_OPTIMIZATION_LEVEL = 0;
				GCC_PREPROCESSOR_DEFINITIONS = (
					"DEBUG=1",
					"$(inherited)",
				);
				GCC_WARN_64_TO_32_BIT_CONVERSION = YES;
				GCC_WARN_ABOUT_RETURN_TYPE = YES_ERROR;
				GCC_WARN_UNDECLARED_SELECTOR = YES;
				GCC_WARN_UNINITIALIZED_AUTOS = YES_AGGRESSIVE;
				GCC_WARN_UNUSED_FUNCTION = YES;
				GCC_WARN_UNUSED_VARIABLE = YES;
				IPHONEOS_DEPLOYMENT_TARGET = 14.0;
				MTL_ENABLE_DEBUG_INFO = INCLUDE_SOURCE;
				MTL_FAST_MATH = YES;
				ONLY_ACTIVE_ARCH = YES;
				SDKROOT = iphoneos;
				SWIFT_ACTIVE_COMPILATION_CONDITIONS = DEBUG;
				SWIFT_OPTIMIZATION_LEVEL = "-Onone";
			};
			name = Debug;
		};
		C9BB50BA29140E1F00EE852A /* Release */ = {
			isa = XCBuildConfiguration;
			buildSettings = {
				ALWAYS_SEARCH_USER_PATHS = NO;
				CLANG_ANALYZER_NONNULL = YES;
				CLANG_ANALYZER_NUMBER_OBJECT_CONVERSION = YES_AGGRESSIVE;
				CLANG_CXX_LANGUAGE_STANDARD = "gnu++20";
				CLANG_ENABLE_MODULES = YES;
				CLANG_ENABLE_OBJC_ARC = YES;
				CLANG_ENABLE_OBJC_WEAK = YES;
				CLANG_WARN_BLOCK_CAPTURE_AUTORELEASING = YES;
				CLANG_WARN_BOOL_CONVERSION = YES;
				CLANG_WARN_COMMA = YES;
				CLANG_WARN_CONSTANT_CONVERSION = YES;
				CLANG_WARN_DEPRECATED_OBJC_IMPLEMENTATIONS = YES;
				CLANG_WARN_DIRECT_OBJC_ISA_USAGE = YES_ERROR;
				CLANG_WARN_DOCUMENTATION_COMMENTS = YES;
				CLANG_WARN_EMPTY_BODY = YES;
				CLANG_WARN_ENUM_CONVERSION = YES;
				CLANG_WARN_INFINITE_RECURSION = YES;
				CLANG_WARN_INT_CONVERSION = YES;
				CLANG_WARN_NON_LITERAL_NULL_CONVERSION = YES;
				CLANG_WARN_OBJC_IMPLICIT_RETAIN_SELF = YES;
				CLANG_WARN_OBJC_LITERAL_CONVERSION = YES;
				CLANG_WARN_OBJC_ROOT_CLASS = YES_ERROR;
				CLANG_WARN_QUOTED_INCLUDE_IN_FRAMEWORK_HEADER = YES;
				CLANG_WARN_RANGE_LOOP_ANALYSIS = YES;
				CLANG_WARN_STRICT_PROTOTYPES = YES;
				CLANG_WARN_SUSPICIOUS_MOVE = YES;
				CLANG_WARN_UNGUARDED_AVAILABILITY = YES_AGGRESSIVE;
				CLANG_WARN_UNREACHABLE_CODE = YES;
				CLANG_WARN__DUPLICATE_METHOD_MATCH = YES;
				COPY_PHASE_STRIP = NO;
				DEBUG_INFORMATION_FORMAT = "dwarf-with-dsym";
				ENABLE_NS_ASSERTIONS = NO;
				ENABLE_STRICT_OBJC_MSGSEND = YES;
				GCC_C_LANGUAGE_STANDARD = gnu11;
				GCC_NO_COMMON_BLOCKS = YES;
				GCC_WARN_64_TO_32_BIT_CONVERSION = YES;
				GCC_WARN_ABOUT_RETURN_TYPE = YES_ERROR;
				GCC_WARN_UNDECLARED_SELECTOR = YES;
				GCC_WARN_UNINITIALIZED_AUTOS = YES_AGGRESSIVE;
				GCC_WARN_UNUSED_FUNCTION = YES;
				GCC_WARN_UNUSED_VARIABLE = YES;
				IPHONEOS_DEPLOYMENT_TARGET = 14.0;
				MTL_ENABLE_DEBUG_INFO = NO;
				MTL_FAST_MATH = YES;
				SDKROOT = iphoneos;
				SWIFT_COMPILATION_MODE = wholemodule;
				SWIFT_OPTIMIZATION_LEVEL = "-O";
				VALIDATE_PRODUCT = YES;
			};
			name = Release;
		};
		C9BB50BC29140E1F00EE852A /* Debug */ = {
			isa = XCBuildConfiguration;
			buildSettings = {
				ASSETCATALOG_COMPILER_APPICON_NAME = AppIcon;
				ASSETCATALOG_COMPILER_GLOBAL_ACCENT_COLOR_NAME = AccentColor;
				CODE_SIGN_STYLE = Automatic;
				CURRENT_PROJECT_VERSION = 1;
				DEVELOPMENT_TEAM = CVR223BS4M;
				GENERATE_INFOPLIST_FILE = YES;
				INFOPLIST_FILE = Magnar/Info.plist;
				INFOPLIST_KEY_CFBundleDisplayName = Magnar;
				INFOPLIST_KEY_LSApplicationCategoryType = "public.app-category.entertainment";
				INFOPLIST_KEY_UIApplicationSupportsIndirectInputEvents = YES;
				INFOPLIST_KEY_UILaunchStoryboardName = LaunchScreen;
				INFOPLIST_KEY_UISupportedInterfaceOrientations = UIInterfaceOrientationPortrait;
				INFOPLIST_KEY_UISupportedInterfaceOrientations_iPad = "UIInterfaceOrientationLandscapeLeft UIInterfaceOrientationLandscapeRight UIInterfaceOrientationPortrait UIInterfaceOrientationPortraitUpsideDown";
				IPHONEOS_DEPLOYMENT_TARGET = 14.0;
				LD_RUNPATH_SEARCH_PATHS = (
					"$(inherited)",
					"@executable_path/Frameworks",
				);
				MARKETING_VERSION = 1.0;
				PRODUCT_BUNDLE_IDENTIFIER = com.michaelamiro.Magnar;
				PRODUCT_NAME = "$(TARGET_NAME)";
				SUPPORTED_PLATFORMS = "iphoneos iphonesimulator";
				SUPPORTS_MACCATALYST = NO;
				SUPPORTS_MAC_DESIGNED_FOR_IPHONE_IPAD = NO;
				SWIFT_EMIT_LOC_STRINGS = YES;
				SWIFT_VERSION = 5.0;
				TARGETED_DEVICE_FAMILY = 1;
			};
			name = Debug;
		};
		C9BB50BD29140E1F00EE852A /* Release */ = {
			isa = XCBuildConfiguration;
			buildSettings = {
				ASSETCATALOG_COMPILER_APPICON_NAME = AppIcon;
				ASSETCATALOG_COMPILER_GLOBAL_ACCENT_COLOR_NAME = AccentColor;
				CODE_SIGN_STYLE = Automatic;
				CURRENT_PROJECT_VERSION = 1;
				DEVELOPMENT_TEAM = CVR223BS4M;
				GENERATE_INFOPLIST_FILE = YES;
				INFOPLIST_FILE = Magnar/Info.plist;
				INFOPLIST_KEY_CFBundleDisplayName = Magnar;
				INFOPLIST_KEY_LSApplicationCategoryType = "public.app-category.entertainment";
				INFOPLIST_KEY_UIApplicationSupportsIndirectInputEvents = YES;
				INFOPLIST_KEY_UILaunchStoryboardName = LaunchScreen;
				INFOPLIST_KEY_UISupportedInterfaceOrientations = UIInterfaceOrientationPortrait;
				INFOPLIST_KEY_UISupportedInterfaceOrientations_iPad = "UIInterfaceOrientationLandscapeLeft UIInterfaceOrientationLandscapeRight UIInterfaceOrientationPortrait UIInterfaceOrientationPortraitUpsideDown";
				IPHONEOS_DEPLOYMENT_TARGET = 14.0;
				LD_RUNPATH_SEARCH_PATHS = (
					"$(inherited)",
					"@executable_path/Frameworks",
				);
				MARKETING_VERSION = 1.0;
				PRODUCT_BUNDLE_IDENTIFIER = com.michaelamiro.Magnar;
				PRODUCT_NAME = "$(TARGET_NAME)";
				SUPPORTED_PLATFORMS = "iphoneos iphonesimulator";
				SUPPORTS_MACCATALYST = NO;
				SUPPORTS_MAC_DESIGNED_FOR_IPHONE_IPAD = NO;
				SWIFT_EMIT_LOC_STRINGS = YES;
				SWIFT_VERSION = 5.0;
				TARGETED_DEVICE_FAMILY = 1;
			};
			name = Release;
		};
		C9BB50BF29140E1F00EE852A /* Debug */ = {
			isa = XCBuildConfiguration;
			buildSettings = {
				ALWAYS_EMBED_SWIFT_STANDARD_LIBRARIES = YES;
				BUNDLE_LOADER = "$(TEST_HOST)";
				CODE_SIGN_STYLE = Automatic;
				CURRENT_PROJECT_VERSION = 1;
				DEVELOPMENT_TEAM = CVR223BS4M;
				GENERATE_INFOPLIST_FILE = YES;
				IPHONEOS_DEPLOYMENT_TARGET = 16.0;
				MARKETING_VERSION = 1.0;
				PRODUCT_BUNDLE_IDENTIFIER = com.michaelamiro.MagnarTests;
				PRODUCT_NAME = "$(TARGET_NAME)";
				SWIFT_EMIT_LOC_STRINGS = NO;
				SWIFT_VERSION = 5.0;
				TARGETED_DEVICE_FAMILY = "1,2";
				TEST_HOST = "$(BUILT_PRODUCTS_DIR)/Magnar.app/$(BUNDLE_EXECUTABLE_FOLDER_PATH)/Magnar";
			};
			name = Debug;
		};
		C9BB50C029140E1F00EE852A /* Release */ = {
			isa = XCBuildConfiguration;
			buildSettings = {
				ALWAYS_EMBED_SWIFT_STANDARD_LIBRARIES = YES;
				BUNDLE_LOADER = "$(TEST_HOST)";
				CODE_SIGN_STYLE = Automatic;
				CURRENT_PROJECT_VERSION = 1;
				DEVELOPMENT_TEAM = CVR223BS4M;
				GENERATE_INFOPLIST_FILE = YES;
				IPHONEOS_DEPLOYMENT_TARGET = 16.0;
				MARKETING_VERSION = 1.0;
				PRODUCT_BUNDLE_IDENTIFIER = com.michaelamiro.MagnarTests;
				PRODUCT_NAME = "$(TARGET_NAME)";
				SWIFT_EMIT_LOC_STRINGS = NO;
				SWIFT_VERSION = 5.0;
				TARGETED_DEVICE_FAMILY = "1,2";
				TEST_HOST = "$(BUILT_PRODUCTS_DIR)/Magnar.app/$(BUNDLE_EXECUTABLE_FOLDER_PATH)/Magnar";
			};
			name = Release;
		};
		C9BB50C229140E1F00EE852A /* Debug */ = {
			isa = XCBuildConfiguration;
			buildSettings = {
				ALWAYS_EMBED_SWIFT_STANDARD_LIBRARIES = YES;
				CODE_SIGN_STYLE = Automatic;
				CURRENT_PROJECT_VERSION = 1;
				DEVELOPMENT_TEAM = CVR223BS4M;
				GENERATE_INFOPLIST_FILE = YES;
				MARKETING_VERSION = 1.0;
				PRODUCT_BUNDLE_IDENTIFIER = com.michaelamiro.MagnarUITests;
				PRODUCT_NAME = "$(TARGET_NAME)";
				SWIFT_EMIT_LOC_STRINGS = NO;
				SWIFT_VERSION = 5.0;
				TARGETED_DEVICE_FAMILY = "1,2";
				TEST_TARGET_NAME = Magnar;
			};
			name = Debug;
		};
		C9BB50C329140E1F00EE852A /* Release */ = {
			isa = XCBuildConfiguration;
			buildSettings = {
				ALWAYS_EMBED_SWIFT_STANDARD_LIBRARIES = YES;
				CODE_SIGN_STYLE = Automatic;
				CURRENT_PROJECT_VERSION = 1;
				DEVELOPMENT_TEAM = CVR223BS4M;
				GENERATE_INFOPLIST_FILE = YES;
				MARKETING_VERSION = 1.0;
				PRODUCT_BUNDLE_IDENTIFIER = com.michaelamiro.MagnarUITests;
				PRODUCT_NAME = "$(TARGET_NAME)";
				SWIFT_EMIT_LOC_STRINGS = NO;
				SWIFT_VERSION = 5.0;
				TARGETED_DEVICE_FAMILY = "1,2";
				TEST_TARGET_NAME = Magnar;
			};
			name = Release;
		};
/* End XCBuildConfiguration section */

/* Begin XCConfigurationList section */
		C9BB508C29140E1C00EE852A /* Build configuration list for PBXProject "Magnar" */ = {
			isa = XCConfigurationList;
			buildConfigurations = (
				C9BB50B929140E1F00EE852A /* Debug */,
				C9BB50BA29140E1F00EE852A /* Release */,
			);
			defaultConfigurationIsVisible = 0;
			defaultConfigurationName = Release;
		};
		C9BB50BB29140E1F00EE852A /* Build configuration list for PBXNativeTarget "Magnar" */ = {
			isa = XCConfigurationList;
			buildConfigurations = (
				C9BB50BC29140E1F00EE852A /* Debug */,
				C9BB50BD29140E1F00EE852A /* Release */,
			);
			defaultConfigurationIsVisible = 0;
			defaultConfigurationName = Release;
		};
		C9BB50BE29140E1F00EE852A /* Build configuration list for PBXNativeTarget "MagnarTests" */ = {
			isa = XCConfigurationList;
			buildConfigurations = (
				C9BB50BF29140E1F00EE852A /* Debug */,
				C9BB50C029140E1F00EE852A /* Release */,
			);
			defaultConfigurationIsVisible = 0;
			defaultConfigurationName = Release;
		};
		C9BB50C129140E1F00EE852A /* Build configuration list for PBXNativeTarget "MagnarUITests" */ = {
			isa = XCConfigurationList;
			buildConfigurations = (
				C9BB50C229140E1F00EE852A /* Debug */,
				C9BB50C329140E1F00EE852A /* Release */,
			);
			defaultConfigurationIsVisible = 0;
			defaultConfigurationName = Release;
		};
/* End XCConfigurationList section */
	};
	rootObject = C9BB508929140E1C00EE852A /* Project object */;
}
